
Microsoft Visual Studio Solution File, Format Version 12.00
# Visual Studio Version 17
VisualStudioVersion = 17.6.33815.320
MinimumVisualStudioVersion = 10.0.40219.1
Project("{FAE04EC0-301F-11D3-BF4B-00C04F79EFBC}") = "ConsoleApp2", "ConsoleApp2\ConsoleApp2.csproj", "{37462BCF-0745-44CE-9910-8532E89E2715}"
EndProject
Global
	GlobalSection(SolutionConfigurationPlatforms) = preSolution
		Debug|Any CPU = Debug|Any CPU
		Release|Any CPU = Release|Any CPU
	EndGlobalSection
	GlobalSection(ProjectConfigurationPlatforms) = postSolution
		{37462BCF-0745-44CE-9910-8532E89E2715}.Debug|Any CPU.ActiveCfg = Debug|Any CPU
		{37462BCF-0745-44CE-9910-8532E89E2715}.Debug|Any CPU.Build.0 = Debug|Any CPU
		{37462BCF-0745-44CE-9910-8532E89E2715}.Release|Any CPU.ActiveCfg = Release|Any CPU
		{37462BCF-0745-44CE-9910-8532E89E2715}.Release|Any CPU.Build.0 = Release|Any CPU
	EndGlobalSection
	GlobalSection(SolutionProperties) = preSolution
		HideSolutionNode = FALSE
	EndGlobalSection
	GlobalSection(ExtensibilityGlobals) = postSolution
		SolutionGuid = {3E28662E-77CB-4DBC-B2D9-89AA38323DA7}
	EndGlobalSection
EndGlobal
